
Microsoft Visual Studio Solution File, Format Version 12.00
# Visual Studio 15
VisualStudioVersion = 15.0.28307.1300
MinimumVisualStudioVersion = 10.0.40219.1
Project("{FAE04EC0-301F-11D3-BF4B-00C04F79EFBC}") = "NBCar-Windows", "NBCar-Windows\NBCar-Windows.csproj", "{41DE3FF4-F123-4212-BABB-EDAA442B0954}"
EndProject
Project("{FAE04EC0-301F-11D3-BF4B-00C04F79EFBC}") = "ConsoleApp1", "..\ConsoleApp1\ConsoleApp1\ConsoleApp1.csproj", "{63ADF4BA-5EB8-4AB3-9D71-CA6EC0B6BD59}"
EndProject
Global
	GlobalSection(SolutionConfigurationPlatforms) = preSolution
		Debug|Any CPU = Debug|Any CPU
		Release|Any CPU = Release|Any CPU
	EndGlobalSection
	GlobalSection(ProjectConfigurationPlatforms) = postSolution
		{41DE3FF4-F123-4212-BABB-EDAA442B0954}.Debug|Any CPU.ActiveCfg = Debug|Any CPU
		{41DE3FF4-F123-4212-BABB-EDAA442B0954}.Debug|Any CPU.Build.0 = Debug|Any CPU
		{41DE3FF4-F123-4212-BABB-EDAA442B0954}.Release|Any CPU.ActiveCfg = Release|Any CPU
		{41DE3FF4-F123-4212-BABB-EDAA442B0954}.Release|Any CPU.Build.0 = Release|Any CPU
		{63ADF4BA-5EB8-4AB3-9D71-CA6EC0B6BD59}.Debug|Any CPU.ActiveCfg = Debug|Any CPU
		{63ADF4BA-5EB8-4AB3-9D71-CA6EC0B6BD59}.Debug|Any CPU.Build.0 = Debug|Any CPU
		{63ADF4BA-5EB8-4AB3-9D71-CA6EC0B6BD59}.Release|Any CPU.ActiveCfg = Release|Any CPU
		{63ADF4BA-5EB8-4AB3-9D71-CA6EC0B6BD59}.Release|Any CPU.Build.0 = Release|Any CPU
	EndGlobalSection
	GlobalSection(SolutionProperties) = preSolution
		HideSolutionNode = FALSE
	EndGlobalSection
	GlobalSection(ExtensibilityGlobals) = postSolution
		SolutionGuid = {69C04C80-67EA-4CEF-BDDE-161A8BE5B5E7}
	EndGlobalSection
EndGlobal
